
Microsoft Visual Studio Solution File, Format Version 12.00
# Visual Studio Version 17
VisualStudioVersion = 17.4.33213.308
MinimumVisualStudioVersion = 10.0.40219.1
Project("{FAE04EC0-301F-11D3-BF4B-00C04F79EFBC}") = "CapitalGainCalculator", "CapitalGainCalculator.csproj", "{1B8ED4B0-0867-4D73-BC84-1D0D2B77AA1F}"
EndProject
Global
	GlobalSection(SolutionConfigurationPlatforms) = preSolution
		Debug|Any CPU = Debug|Any CPU
		Release|Any CPU = Release|Any CPU
	EndGlobalSection
	GlobalSection(ProjectConfigurationPlatforms) = postSolution
		{1B8ED4B0-0867-4D73-BC84-1D0D2B77AA1F}.Debug|Any CPU.ActiveCfg = Debug|Any CPU
		{1B8ED4B0-0867-4D73-BC84-1D0D2B77AA1F}.Debug|Any CPU.Build.0 = Debug|Any CPU
		{1B8ED4B0-0867-4D73-BC84-1D0D2B77AA1F}.Release|Any CPU.ActiveCfg = Release|Any CPU
		{1B8ED4B0-0867-4D73-BC84-1D0D2B77AA1F}.Release|Any CPU.Build.0 = Release|Any CPU
	EndGlobalSection
	GlobalSection(SolutionProperties) = preSolution
		HideSolutionNode = FALSE
	EndGlobalSection
	GlobalSection(ExtensibilityGlobals) = postSolution
		SolutionGuid = {DC01CFB6-BC2F-483C-944D-01EC5E0F41D0}
	EndGlobalSection
EndGlobal
